{
  "name": "fakeblubba",
  "version": "1.0.1",
  "lockfileVersion": 3,
  "requires": true,
  "packages": {
    "": {
      "name": "fakeblubba",
      "version": "1.0.1",
      "license": "ISC",
      "dependencies": {
        "@fakeblubba/terminal-noir": "^0.1.0"
      }
    },
    "node_modules/@fakeblubba/terminal-noir": {
      "version": "0.1.0",
      "resolved": "https://npm.pkg.github.com/download/@fakeblubba/terminal-noir/0.1.0/f8a9a781bd2675b5065bea9dc08769b1628414b8",
      "integrity": "sha512-WBxGlkpARmz/qkvrHwXHJnUqLR4WvnTadQdxCAtE2j+3mhQlY8y3b3I1yXmzh75AOdtnbr9nE9xpoDnnDwYHJg==",
      "license": "UNLICENSED"
    }
  }
}
